
Microsoft Visual Studio Solution File, Format Version 12.00
# Visual Studio Version 17
VisualStudioVersion = 17.5.33424.131
MinimumVisualStudioVersion = 10.0.40219.1
Project("{9A19103F-16F7-4668-BE54-9A1E7A4F7556}") = "nubank", "nubank.csproj", "{1CA61067-0100-4D8B-BEB2-106769D5539B}"
EndProject
Project("{FAE04EC0-301F-11D3-BF4B-00C04F79EFBC}") = "testeUnitario", "..\testeUnitario\testeUnitario.csproj", "{99FFEFE8-F56F-4F2E-8EEA-456C380ADB12}"
EndProject
Global
	GlobalSection(SolutionConfigurationPlatforms) = preSolution
		Debug|Any CPU = Debug|Any CPU
		Release|Any CPU = Release|Any CPU
	EndGlobalSection
	GlobalSection(ProjectConfigurationPlatforms) = postSolution
		{1CA61067-0100-4D8B-BEB2-106769D5539B}.Debug|Any CPU.ActiveCfg = Debug|Any CPU
		{1CA61067-0100-4D8B-BEB2-106769D5539B}.Debug|Any CPU.Build.0 = Debug|Any CPU
		{1CA61067-0100-4D8B-BEB2-106769D5539B}.Release|Any CPU.ActiveCfg = Release|Any CPU
		{1CA61067-0100-4D8B-BEB2-106769D5539B}.Release|Any CPU.Build.0 = Release|Any CPU
		{99FFEFE8-F56F-4F2E-8EEA-456C380ADB12}.Debug|Any CPU.ActiveCfg = Debug|Any CPU
		{99FFEFE8-F56F-4F2E-8EEA-456C380ADB12}.Debug|Any CPU.Build.0 = Debug|Any CPU
		{99FFEFE8-F56F-4F2E-8EEA-456C380ADB12}.Release|Any CPU.ActiveCfg = Release|Any CPU
		{99FFEFE8-F56F-4F2E-8EEA-456C380ADB12}.Release|Any CPU.Build.0 = Release|Any CPU
	EndGlobalSection
	GlobalSection(SolutionProperties) = preSolution
		HideSolutionNode = FALSE
	EndGlobalSection
	GlobalSection(ExtensibilityGlobals) = postSolution
		SolutionGuid = {46F273ED-AC63-4961-BD8F-18F7203E081C}
	EndGlobalSection
EndGlobal
